hash: 70f120fd20ea96b6fb08a9f316ae5f7e9055ecd9fc27ee17cac44777f1e8cffd
updated: 2018-03-17T23:32:29.734598+02:00
imports:
- name: github.com/inconshreveable/mousetrap
  version: 76626ae9c91c4f2a10f34cad8ce83ea42c93bb75
- name: github.com/lib/pq
  version: 88edab0803230a3898347e77b474f8c1820a1f20
  subpackages:
  - oid
- name: github.com/mitchellh/ioprogress
  version: 6a23b12fa88ea53e63d9b49f148fe6b29c30af6d
- name: github.com/mitchellh/mapstructure
  version: 06020f85339e21b2478f756a78e295255ffa4d6a
- name: github.com/oleh-ozimok/go-clickhouse
  version: 659d4784e62b0c06324f1c5c2ac4e7772f2f89a2
- name: github.com/pkg/errors
  version: 645ef00459ed84a119197bfb8d8205042c6df63d
- name: github.com/spf13/cobra
  version: 7b2c5ac9fc04fc5efafb60700713d4fa609b777b
- name: github.com/spf13/pflag
  version: 4c012f6dcd9546820e378d0bdda4d8fc772cdfea
- name: golang.org/x/net
  version: a8b9294777976932365dabb6640cf1468d95c70f
  subpackages:
  - context
- name: golang.org/x/sync
  version: fd80eb99c8f653c847d294a001bdf2a3a6f768f5
  subpackages:
  - errgroup
- name: gopkg.in/yaml.v2
  version: 7f97868eec74b32b0982dd158a51a446d1da7eb5
testImports: []
